
Microsoft Visual Studio Solution File, Format Version 12.00
# Visual Studio Version 17
VisualStudioVersion = 17.8.34525.116
MinimumVisualStudioVersion = 10.0.40219.1
Project("{FAE04EC0-301F-11D3-BF4B-00C04F79EFBC}") = "практика 5.06.24", "практика 5.06.24\практика 5.06.24.csproj", "{D16F3449-26F8-4989-B7F6-902269C9CFCA}"
EndProject
Global
	GlobalSection(SolutionConfigurationPlatforms) = preSolution
		Debug|Any CPU = Debug|Any CPU
		Release|Any CPU = Release|Any CPU
	EndGlobalSection
	GlobalSection(ProjectConfigurationPlatforms) = postSolution
		{D16F3449-26F8-4989-B7F6-902269C9CFCA}.Debug|Any CPU.ActiveCfg = Debug|Any CPU
		{D16F3449-26F8-4989-B7F6-902269C9CFCA}.Debug|Any CPU.Build.0 = Debug|Any CPU
		{D16F3449-26F8-4989-B7F6-902269C9CFCA}.Release|Any CPU.ActiveCfg = Release|Any CPU
		{D16F3449-26F8-4989-B7F6-902269C9CFCA}.Release|Any CPU.Build.0 = Release|Any CPU
	EndGlobalSection
	GlobalSection(SolutionProperties) = preSolution
		HideSolutionNode = FALSE
	EndGlobalSection
	GlobalSection(ExtensibilityGlobals) = postSolution
		SolutionGuid = {607DA1F4-0CB1-4D19-8F94-60AC96503E11}
	EndGlobalSection
EndGlobal
